schema: '2.0'
stages:
  data_ingestion:
    cmd: python src/data/data_ingestion.py
    deps:
    - path: src/data/data_ingestion.py
      hash: md5
      md5: 71eabad44ba3c5225186ff5dc341af9a
      size: 3433
    params:
      params.yaml:
        data_ingestion.test_size: 0.2
    outs:
    - path: data/raw
      hash: md5
      md5: 6d7c9717b531961233cd66af69381384.dir
      size: 817597
      nfiles: 2
  data_preprocessing:
    cmd: python src/data/data_preprocessing.py
    deps:
    - path: data/raw
      hash: md5
      md5: 6d7c9717b531961233cd66af69381384.dir
      size: 817597
      nfiles: 2
    - path: src/data/data_preprocessing.py
      hash: md5
      md5: f9411d5b51c6dd3a342c0aada6371dd2
      size: 3874
    outs:
    - path: data/interim
      hash: md5
      md5: 5272793cc3d1ae26222b405b62627d4a.dir
      size: 562257
      nfiles: 2
  feature_engineering:
    cmd: python src/features/feature_engineering.py
    deps:
    - path: data/interim
      hash: md5
      md5: 5272793cc3d1ae26222b405b62627d4a.dir
      size: 562257
      nfiles: 2
    - path: src/features/feature_engineering.py
      hash: md5
      md5: 4bad96157f68239df27a4a0e646b07d1
      size: 3650
    params:
      params.yaml:
        feature_engineering.max_features: 50
    outs:
    - path: data/processed
      hash: md5
      md5: e1c0359d2b7d171ab7df70559422ec93.dir
      size: 1058440
      nfiles: 2
  model_building:
    cmd: python src/models/model_building.py
    deps:
    - path: data/processed
      hash: md5
      md5: e1c0359d2b7d171ab7df70559422ec93.dir
      size: 1058440
      nfiles: 2
    - path: src/models/model_building.py
      hash: md5
      md5: 5448ebd8bc13961353e54b4f232ab978
      size: 3198
    params:
      params.yaml:
        model_building.learning_rate: 0.1
        model_building.n_estimators: 25
    outs:
    - path: models/model.pkl
      hash: md5
      md5: b676f73158b873754cdf527fba5f508a
      size: 36841
  model_evaluation:
    cmd: python src/models/model_evaluation.py
    deps:
    - path: models/model.pkl
      hash: md5
      md5: b676f73158b873754cdf527fba5f508a
      size: 36841
    - path: src/models/model_evaluation.py
      hash: md5
      md5: 9a4659b41cb929de0fc160dedacd88e9
      size: 3540
    outs:
    - path: reports/metrics.json
      hash: md5
      md5: d18cf2bd73d547971cca9047112b333e
      size: 140
